speakeasyVersion: 1.684.0
sources:
    Marble API:
        sourceNamespace: marble-api
        sourceRevisionDigest: sha256:93063dc8f0e3f5ec4f75128d757f570d9d26450ffb063d92d52fa838c532400f
        sourceBlobDigest: sha256:a16d784da0813a32da349897ebd05d53b9de49fab1affc1eb2e382a5dc5aa6dc
        tags:
            - latest
            - speakeasy-sdk-regen-1768092889
            - 1.0.0
targets:
    marble:
        source: Marble API
        sourceNamespace: marble-api
        sourceRevisionDigest: sha256:93063dc8f0e3f5ec4f75128d757f570d9d26450ffb063d92d52fa838c532400f
        sourceBlobDigest: sha256:a16d784da0813a32da349897ebd05d53b9de49fab1affc1eb2e382a5dc5aa6dc
        codeSamplesNamespace: marble-api-typescript-code-samples
        codeSamplesRevisionDigest: sha256:bffa2fdddf55ee7413f48bd9f2eb3ebaa0d51904659397559d17841bfb71e86c
workflow:
    workflowVersion: 1.0.0
    speakeasyVersion: latest
    sources:
        Marble API:
            inputs:
                - location: https://api.marblecms.com/openapi.json
            overlays:
                - location: .speakeasy/speakeasy-modifications-overlay.yaml
            output: .speakeasy/out.openapi.yaml
            registry:
                location: registry.speakeasyapi.dev/marblecms/marble-s8w/marble-api
    targets:
        marble:
            target: typescript
            source: Marble API
            publish:
                npm:
                    token: $npm_token
            codeSamples:
                registry:
                    location: registry.speakeasyapi.dev/marblecms/marble-s8w/marble-api-typescript-code-samples
                labelOverride:
                    fixedValue: Typescript (SDK)
                blocking: false
