speakeasyVersion: 1.684.0
sources:
    Marble API:
        sourceNamespace: marble-api
        sourceRevisionDigest: sha256:d80f9134269b01e0a24810c8eb62220749e69db7fbf957b0ceda6afca84af122
        sourceBlobDigest: sha256:febb317016caff516a10e5f2213a3a7b9b988fd0feed529242e8885873d264d3
        tags:
            - latest
            - speakeasy-sdk-regen-1767991945
            - 1.0.0
targets:
    marble:
        source: Marble API
        sourceNamespace: marble-api
        sourceRevisionDigest: sha256:d80f9134269b01e0a24810c8eb62220749e69db7fbf957b0ceda6afca84af122
        sourceBlobDigest: sha256:febb317016caff516a10e5f2213a3a7b9b988fd0feed529242e8885873d264d3
        codeSamplesNamespace: marble-api-typescript-code-samples
        codeSamplesRevisionDigest: sha256:f8d8a5d32fdb9db94568ca3974e012e2a2126768b206e567bd76b40d206f137d
workflow:
    workflowVersion: 1.0.0
    speakeasyVersion: latest
    sources:
        Marble API:
            inputs:
                - location: https://api.marblecms.com/openapi.json
            overlays:
                - location: .speakeasy/speakeasy-modifications-overlay.yaml
            output: .speakeasy/out.openapi.yaml
            registry:
                location: registry.speakeasyapi.dev/marblecms/marble-s8w/marble-api
    targets:
        marble:
            target: typescript
            source: Marble API
            publish:
                npm:
                    token: $npm_token
            codeSamples:
                registry:
                    location: registry.speakeasyapi.dev/marblecms/marble-s8w/marble-api-typescript-code-samples
                labelOverride:
                    fixedValue: Typescript (SDK)
                blocking: false
