speakeasyVersion: 1.762.0
sources:
    Marble API:
        sourceNamespace: marble-api
        sourceRevisionDigest: sha256:5176f0c1522a5c7977501346287b51395425a242849dcca449529e48bda7ca90
        sourceBlobDigest: sha256:ef73305a95e8b13e35c8d9430e048998aeaf9c5a2a38f4e3c7a6f16e70552a44
        tags:
            - latest
            - 1.0.0
targets:
    marble:
        source: Marble API
        sourceNamespace: marble-api
        sourceRevisionDigest: sha256:5176f0c1522a5c7977501346287b51395425a242849dcca449529e48bda7ca90
        sourceBlobDigest: sha256:ef73305a95e8b13e35c8d9430e048998aeaf9c5a2a38f4e3c7a6f16e70552a44
        codeSamplesNamespace: marble-api-typescript-code-samples
        codeSamplesRevisionDigest: sha256:cce551098eb613df34178b3a7f1521fc45b6f63bd19c43e25d15de212943fab9
workflow:
    workflowVersion: 1.0.0
    speakeasyVersion: latest
    sources:
        Marble API:
            inputs:
                - location: https://api.marblecms.com/openapi.json
            overlays:
                - location: .speakeasy/speakeasy-modifications-overlay.yaml
            output: .speakeasy/out.openapi.yaml
            registry:
                location: registry.speakeasyapi.dev/marblecms/marble-s8w/marble-api
    targets:
        marble:
            target: typescript
            source: Marble API
            publish:
                npm:
                    token: $npm_token
            codeSamples:
                registry:
                    location: registry.speakeasyapi.dev/marblecms/marble-s8w/marble-api-typescript-code-samples
                labelOverride:
                    fixedValue: Typescript (SDK)
                blocking: false
